# @generated by Move, please check-in and do not edit manually.

[move]
version = 3
manifest_digest = "96C87BD22EAC9A3920715A89D3784EBBE0A30E6D704F4DA3B502A3AD93428D5D"
deps_digest = "F8BBB0CCB2491CA29A3DF03D6F92277A4F3574266507ACD77214D37ECA3F3082"
dependencies = [
  { id = "Sui", name = "Sui" },
]

[[move.package]]
id = "MoveStdlib"
source = { git = "https://github.com/MystenLabs/sui.git", rev = "framework/testnet", subdir = "crates/sui-framework/packages/move-stdlib" }

[[move.package]]
id = "Sui"
source = { git = "https://github.com/MystenLabs/sui.git", rev = "framework/testnet", subdir = "crates/sui-framework/packages/sui-framework" }

dependencies = [
  { id = "MoveStdlib", name = "MoveStdlib" },
]

[move.toolchain-version]
compiler-version = "1.42.1"
edition = "2024.beta"
flavor = "sui"

[env]

[env.testnet]
chain-id = "4c78adac"
original-published-id = "0xf7c27841ff6033e29a19dce3aa2fcf3e77f21ee82b397b746c53437ca347cec4"
latest-published-id = "0xf7c27841ff6033e29a19dce3aa2fcf3e77f21ee82b397b746c53437ca347cec4"
published-version = "1"
